
Microsoft Visual Studio Solution File, Format Version 12.00
# Visual Studio Version 17
VisualStudioVersion = 17.1.32228.430
MinimumVisualStudioVersion = 10.0.40219.1
Project("{9A19103F-16F7-4668-BE54-9A1E7A4F7556}") = "WebAppChamThiOl", "WebAppChamThiOl\WebAppChamThiOl.csproj", "{60D3E865-D7DC-46B3-984C-0E9E3E3C3DBF}"
EndProject
Project("{9A19103F-16F7-4668-BE54-9A1E7A4F7556}") = "TestProject1", "TestProject1\TestProject1.csproj", "{8EA97F09-D333-47AF-9867-91A2EA336D31}"
EndProject
Project("{FAE04EC0-301F-11D3-BF4B-00C04F79EFBC}") = "PythonTest", "PythonTest\PythonTest.csproj", "{DE161CF6-3EFB-49F9-B9A3-590D734A4CAE}"
EndProject
Global
	GlobalSection(SolutionConfigurationPlatforms) = preSolution
		Debug|Any CPU = Debug|Any CPU
		Release|Any CPU = Release|Any CPU
	EndGlobalSection
	GlobalSection(ProjectConfigurationPlatforms) = postSolution
		{60D3E865-D7DC-46B3-984C-0E9E3E3C3DBF}.Debug|Any CPU.ActiveCfg = Debug|Any CPU
		{60D3E865-D7DC-46B3-984C-0E9E3E3C3DBF}.Debug|Any CPU.Build.0 = Debug|Any CPU
		{60D3E865-D7DC-46B3-984C-0E9E3E3C3DBF}.Release|Any CPU.ActiveCfg = Release|Any CPU
		{60D3E865-D7DC-46B3-984C-0E9E3E3C3DBF}.Release|Any CPU.Build.0 = Release|Any CPU
		{8EA97F09-D333-47AF-9867-91A2EA336D31}.Debug|Any CPU.ActiveCfg = Debug|Any CPU
		{8EA97F09-D333-47AF-9867-91A2EA336D31}.Debug|Any CPU.Build.0 = Debug|Any CPU
		{8EA97F09-D333-47AF-9867-91A2EA336D31}.Release|Any CPU.ActiveCfg = Release|Any CPU
		{8EA97F09-D333-47AF-9867-91A2EA336D31}.Release|Any CPU.Build.0 = Release|Any CPU
		{DE161CF6-3EFB-49F9-B9A3-590D734A4CAE}.Debug|Any CPU.ActiveCfg = Debug|Any CPU
		{DE161CF6-3EFB-49F9-B9A3-590D734A4CAE}.Debug|Any CPU.Build.0 = Debug|Any CPU
		{DE161CF6-3EFB-49F9-B9A3-590D734A4CAE}.Release|Any CPU.ActiveCfg = Release|Any CPU
		{DE161CF6-3EFB-49F9-B9A3-590D734A4CAE}.Release|Any CPU.Build.0 = Release|Any CPU
	EndGlobalSection
	GlobalSection(SolutionProperties) = preSolution
		HideSolutionNode = FALSE
	EndGlobalSection
	GlobalSection(ExtensibilityGlobals) = postSolution
		SolutionGuid = {B08E0A50-A59B-4A09-A7FC-FC55E74812F8}
	EndGlobalSection
EndGlobal
